{
  "object": {
    "pins": [
      {
        "package": "NetTime",
        "repositoryURL": "https://github.com/dduan/NetTime",
        "state": {
          "branch": null,
          "revision": "5128a33932b4c8d5da12b3103f90a03f749c94ad",
          "version": "0.1.1"
        }
      },
      {
        "package": "TOMLDeserializer",
        "repositoryURL": "https://github.com/dduan/TOMLDeserializer",
        "state": {
          "branch": null,
          "revision": "5342af119b04b2cc44bd7c745c4467bcb9d43074",
          "version": "0.1.1"
        }
      }
    ]
  },
  "version": 1
}
