{
  "object": {
    "pins": [
      {
        "package": "NetTime",
        "repositoryURL": "https://github.com/dduan/NetTime",
        "state": {
          "branch": null,
          "revision": "ec4ace9d37b483fa25c3ebc1c448b279eb16d85a",
          "version": "0.2.1"
        }
      },
      {
        "package": "TOMLDeserializer",
        "repositoryURL": "https://github.com/dduan/TOMLDeserializer",
        "state": {
          "branch": null,
          "revision": "06673da9e2733e96cb3a37e89b53cb798dfd2594",
          "version": "0.2.3"
        }
      }
    ]
  },
  "version": 1
}
