// !$*UTF8*$!
{
	archiveVersion = 1;
	classes = {
	};
	objectVersion = 51;
	objects = {

/* Begin PBXBuildFile section */
		08EC5D99ED692AD991A5EF91 /* TOMLDeserializer in Frameworks */ = {isa = PBXBuildFile; productRef = 5860C6D89B815D41E56C75E1 /* TOMLDeserializer */; };
		287B1420CD35F1EF1D1A033A /* TOMLDecoder.framework in Frameworks */ = {isa = PBXBuildFile; fileRef = 2D0F9C3EDF638374C6F94984 /* TOMLDecoder.framework */; };
		412A4D501D0F0FA386AB9971 /* TOMLDecoder.swift in Sources */ = {isa = PBXBuildFile; fileRef = 906C0E3C68A11BAEAE2E07D8 /* TOMLDecoder.swift */; };
		B5427DC2275DE2989AFE3214 /* TOMLDecoderTests.swift in Sources */ = {isa = PBXBuildFile; fileRef = B0CC90B835249C71E789B9C0 /* TOMLDecoderTests.swift */; };
		B7BCC200A32389B7067A8A9C /* NetTime in Frameworks */ = {isa = PBXBuildFile; productRef = 1F4F635D7C46AFC8D0EF437D /* NetTime */; };
		B81613328C8936CFD8CF70FC /* TOMLDecoder.framework in Embed Frameworks */ = {isa = PBXBuildFile; fileRef = 2D0F9C3EDF638374C6F94984 /* TOMLDecoder.framework */; settings = {ATTRIBUTES = (CodeSignOnCopy, RemoveHeadersOnCopy, ); }; };
		CB928798CEEE08F1624539EC /* XCTestManifests.swift in Sources */ = {isa = PBXBuildFile; fileRef = DF6AB70ACEF7F9636ECD5375 /* XCTestManifests.swift */; };
/* End PBXBuildFile section */

/* Begin PBXContainerItemProxy section */
		77BD34801141D60F621FB1AC /* PBXContainerItemProxy */ = {
			isa = PBXContainerItemProxy;
			containerPortal = 6DF2FD24C7BFF5FAA81FCC21 /* Project object */;
			proxyType = 1;
			remoteGlobalIDString = AD4A5AF4314728555D3B0C23;
			remoteInfo = TOMLDecoder;
		};
/* End PBXContainerItemProxy section */

/* Begin PBXCopyFilesBuildPhase section */
		65B55000DF42B6CDCF53D973 /* Embed Frameworks */ = {
			isa = PBXCopyFilesBuildPhase;
			buildActionMask = 2147483647;
			dstPath = "";
			dstSubfolderSpec = 10;
			files = (
				B81613328C8936CFD8CF70FC /* TOMLDecoder.framework in Embed Frameworks */,
			);
			name = "Embed Frameworks";
			runOnlyForDeploymentPostprocessing = 0;
		};
/* End PBXCopyFilesBuildPhase section */

/* Begin PBXFileReference section */
		04D51AFA6AF2C6CE20E93FDC /* UniversalFramework_Test.xcconfig */ = {isa = PBXFileReference; lastKnownFileType = text.xcconfig; path = UniversalFramework_Test.xcconfig; sourceTree = "<group>"; };
		2D0F9C3EDF638374C6F94984 /* TOMLDecoder.framework */ = {isa = PBXFileReference; explicitFileType = wrapper.framework; includeInIndex = 0; path = TOMLDecoder.framework; sourceTree = BUILT_PRODUCTS_DIR; };
		537439DC45F5DE96996BE44E /* TOMLDecoder_Release.xcconfig */ = {isa = PBXFileReference; lastKnownFileType = text.xcconfig; path = TOMLDecoder_Release.xcconfig; sourceTree = "<group>"; };
		7781D465A22EA5D0C38015C8 /* TOMLDecoderTests.xctest */ = {isa = PBXFileReference; explicitFileType = wrapper.cfbundle; includeInIndex = 0; path = TOMLDecoderTests.xctest; sourceTree = BUILT_PRODUCTS_DIR; };
		906C0E3C68A11BAEAE2E07D8 /* TOMLDecoder.swift */ = {isa = PBXFileReference; lastKnownFileType = sourcecode.swift; path = TOMLDecoder.swift; sourceTree = "<group>"; };
		B0CC90B835249C71E789B9C0 /* TOMLDecoderTests.swift */ = {isa = PBXFileReference; lastKnownFileType = sourcecode.swift; path = TOMLDecoderTests.swift; sourceTree = "<group>"; };
		C00A4332FC70C4BFF73EB5C1 /* TOMLDecoder_Debug.xcconfig */ = {isa = PBXFileReference; lastKnownFileType = text.xcconfig; path = TOMLDecoder_Debug.xcconfig; sourceTree = "<group>"; };
		DF6AB70ACEF7F9636ECD5375 /* XCTestManifests.swift */ = {isa = PBXFileReference; lastKnownFileType = sourcecode.swift; path = XCTestManifests.swift; sourceTree = "<group>"; };
/* End PBXFileReference section */

/* Begin PBXFrameworksBuildPhase section */
		9E8C9B3371E83EBF4E7F15D7 /* Frameworks */ = {
			isa = PBXFrameworksBuildPhase;
			buildActionMask = 2147483647;
			files = (
				B7BCC200A32389B7067A8A9C /* NetTime in Frameworks */,
				08EC5D99ED692AD991A5EF91 /* TOMLDeserializer in Frameworks */,
			);
			runOnlyForDeploymentPostprocessing = 0;
		};
		B3D7E743070CDAC675C18602 /* Frameworks */ = {
			isa = PBXFrameworksBuildPhase;
			buildActionMask = 2147483647;
			files = (
				287B1420CD35F1EF1D1A033A /* TOMLDecoder.framework in Frameworks */,
			);
			runOnlyForDeploymentPostprocessing = 0;
		};
/* End PBXFrameworksBuildPhase section */

/* Begin PBXGroup section */
		39CD5845EBCD38DCECC5F9EF /* Products */ = {
			isa = PBXGroup;
			children = (
				2D0F9C3EDF638374C6F94984 /* TOMLDecoder.framework */,
				7781D465A22EA5D0C38015C8 /* TOMLDecoderTests.xctest */,
			);
			name = Products;
			sourceTree = "<group>";
		};
		ACAA6D58DE93A794E6F5B1B7 /* TOMLDecoderTests */ = {
			isa = PBXGroup;
			children = (
				B0CC90B835249C71E789B9C0 /* TOMLDecoderTests.swift */,
				DF6AB70ACEF7F9636ECD5375 /* XCTestManifests.swift */,
			);
			name = TOMLDecoderTests;
			path = Tests/TOMLDecoderTests;
			sourceTree = "<group>";
		};
		BF54E55CC823442494E61F16 = {
			isa = PBXGroup;
			children = (
				E8A8C1C117497F9C83FF76B1 /* TOMLDecoder */,
				ACAA6D58DE93A794E6F5B1B7 /* TOMLDecoderTests */,
				EF64719D67963104C185A83E /* xcconfigs */,
				39CD5845EBCD38DCECC5F9EF /* Products */,
			);
			sourceTree = "<group>";
		};
		E8A8C1C117497F9C83FF76B1 /* TOMLDecoder */ = {
			isa = PBXGroup;
			children = (
				906C0E3C68A11BAEAE2E07D8 /* TOMLDecoder.swift */,
			);
			name = TOMLDecoder;
			path = Sources/TOMLDecoder;
			sourceTree = "<group>";
		};
		EF64719D67963104C185A83E /* xcconfigs */ = {
			isa = PBXGroup;
			children = (
				C00A4332FC70C4BFF73EB5C1 /* TOMLDecoder_Debug.xcconfig */,
				537439DC45F5DE96996BE44E /* TOMLDecoder_Release.xcconfig */,
				04D51AFA6AF2C6CE20E93FDC /* UniversalFramework_Test.xcconfig */,
			);
			name = xcconfigs;
			path = Resources/xcconfigs;
			sourceTree = "<group>";
		};
/* End PBXGroup section */

/* Begin PBXNativeTarget section */
		697CE7B5AF62320E095EC91E /* TOMLDecoderTests */ = {
			isa = PBXNativeTarget;
			buildConfigurationList = 7840123B088A9CC877FB5BB0 /* Build configuration list for PBXNativeTarget "TOMLDecoderTests" */;
			buildPhases = (
				911FAE383A6F66EB880E006C /* Sources */,
				B3D7E743070CDAC675C18602 /* Frameworks */,
				65B55000DF42B6CDCF53D973 /* Embed Frameworks */,
			);
			buildRules = (
			);
			dependencies = (
				F314E0F6F6FC278B188CAB91 /* PBXTargetDependency */,
			);
			name = TOMLDecoderTests;
			productName = TOMLDecoderTests;
			productReference = 7781D465A22EA5D0C38015C8 /* TOMLDecoderTests.xctest */;
			productType = "com.apple.product-type.bundle.unit-test";
		};
		AD4A5AF4314728555D3B0C23 /* TOMLDecoder */ = {
			isa = PBXNativeTarget;
			buildConfigurationList = F63F758A07E06DE7DB6C4C5A /* Build configuration list for PBXNativeTarget "TOMLDecoder" */;
			buildPhases = (
				FB354BC5B44FCE48D56F0C53 /* Sources */,
				9E8C9B3371E83EBF4E7F15D7 /* Frameworks */,
			);
			buildRules = (
			);
			dependencies = (
				C78986792E2295C1DF127E55 /* PBXTargetDependency */,
				D4B9474E774F2C2FBFA53C20 /* PBXTargetDependency */,
			);
			name = TOMLDecoder;
			packageProductDependencies = (
				1F4F635D7C46AFC8D0EF437D /* NetTime */,
				5860C6D89B815D41E56C75E1 /* TOMLDeserializer */,
			);
			productName = TOMLDecoder;
			productReference = 2D0F9C3EDF638374C6F94984 /* TOMLDecoder.framework */;
			productType = "com.apple.product-type.framework";
		};
/* End PBXNativeTarget section */

/* Begin PBXProject section */
		6DF2FD24C7BFF5FAA81FCC21 /* Project object */ = {
			isa = PBXProject;
			attributes = {
				LastUpgradeCheck = 1020;
			};
			buildConfigurationList = 637D6607C4687620BEA164A8 /* Build configuration list for PBXProject "TOMLDecoder" */;
			compatibilityVersion = "Xcode 10.0";
			developmentRegion = en;
			hasScannedForEncodings = 0;
			knownRegions = (
				Base,
				en,
			);
			mainGroup = BF54E55CC823442494E61F16;
			packageReferences = (
				5AB5F115F8162019E2508632 /* XCRemoteSwiftPackageReference "NetTime" */,
				4E97FD23573572B0701A8E02 /* XCRemoteSwiftPackageReference "TOMLDeserializer" */,
			);
			projectDirPath = "";
			projectRoot = "";
			targets = (
				AD4A5AF4314728555D3B0C23 /* TOMLDecoder */,
				697CE7B5AF62320E095EC91E /* TOMLDecoderTests */,
			);
		};
/* End PBXProject section */

/* Begin PBXSourcesBuildPhase section */
		911FAE383A6F66EB880E006C /* Sources */ = {
			isa = PBXSourcesBuildPhase;
			buildActionMask = 2147483647;
			files = (
				B5427DC2275DE2989AFE3214 /* TOMLDecoderTests.swift in Sources */,
				CB928798CEEE08F1624539EC /* XCTestManifests.swift in Sources */,
			);
			runOnlyForDeploymentPostprocessing = 0;
		};
		FB354BC5B44FCE48D56F0C53 /* Sources */ = {
			isa = PBXSourcesBuildPhase;
			buildActionMask = 2147483647;
			files = (
				412A4D501D0F0FA386AB9971 /* TOMLDecoder.swift in Sources */,
			);
			runOnlyForDeploymentPostprocessing = 0;
		};
/* End PBXSourcesBuildPhase section */

/* Begin PBXTargetDependency section */
		C78986792E2295C1DF127E55 /* PBXTargetDependency */ = {
			isa = PBXTargetDependency;
			productRef = 1F4F635D7C46AFC8D0EF437D /* NetTime */;
		};
		D4B9474E774F2C2FBFA53C20 /* PBXTargetDependency */ = {
			isa = PBXTargetDependency;
			productRef = 5860C6D89B815D41E56C75E1 /* TOMLDeserializer */;
		};
		F314E0F6F6FC278B188CAB91 /* PBXTargetDependency */ = {
			isa = PBXTargetDependency;
			target = AD4A5AF4314728555D3B0C23 /* TOMLDecoder */;
			targetProxy = 77BD34801141D60F621FB1AC /* PBXContainerItemProxy */;
		};
/* End PBXTargetDependency section */

/* Begin XCBuildConfiguration section */
		20D9B88A9B13D9494B004B38 /* Release */ = {
			isa = XCBuildConfiguration;
			buildSettings = {
				SDKROOT = macosx;
			};
			name = Release;
		};
		6014635256EDAF61314E194C /* Debug */ = {
			isa = XCBuildConfiguration;
			baseConfigurationReference = 04D51AFA6AF2C6CE20E93FDC /* UniversalFramework_Test.xcconfig */;
			buildSettings = {
			};
			name = Debug;
		};
		61A84101AAA0CDDBCC72C8E5 /* Release */ = {
			isa = XCBuildConfiguration;
			baseConfigurationReference = 04D51AFA6AF2C6CE20E93FDC /* UniversalFramework_Test.xcconfig */;
			buildSettings = {
			};
			name = Release;
		};
		7DCE262747A1711C32F26972 /* Debug */ = {
			isa = XCBuildConfiguration;
			buildSettings = {
				SDKROOT = macosx;
			};
			name = Debug;
		};
		7FC9E91D252DFCA028A40EE0 /* Debug */ = {
			isa = XCBuildConfiguration;
			baseConfigurationReference = C00A4332FC70C4BFF73EB5C1 /* TOMLDecoder_Debug.xcconfig */;
			buildSettings = {
				INFOPLIST_FILE = Resources/Info.plist;
			};
			name = Debug;
		};
		ABE27A23955C02CCBAEB6364 /* Release */ = {
			isa = XCBuildConfiguration;
			baseConfigurationReference = 537439DC45F5DE96996BE44E /* TOMLDecoder_Release.xcconfig */;
			buildSettings = {
				INFOPLIST_FILE = Resources/Info.plist;
			};
			name = Release;
		};
/* End XCBuildConfiguration section */

/* Begin XCConfigurationList section */
		637D6607C4687620BEA164A8 /* Build configuration list for PBXProject "TOMLDecoder" */ = {
			isa = XCConfigurationList;
			buildConfigurations = (
				7DCE262747A1711C32F26972 /* Debug */,
				20D9B88A9B13D9494B004B38 /* Release */,
			);
			defaultConfigurationIsVisible = 0;
			defaultConfigurationName = Debug;
		};
		7840123B088A9CC877FB5BB0 /* Build configuration list for PBXNativeTarget "TOMLDecoderTests" */ = {
			isa = XCConfigurationList;
			buildConfigurations = (
				6014635256EDAF61314E194C /* Debug */,
				61A84101AAA0CDDBCC72C8E5 /* Release */,
			);
			defaultConfigurationIsVisible = 0;
			defaultConfigurationName = "";
		};
		F63F758A07E06DE7DB6C4C5A /* Build configuration list for PBXNativeTarget "TOMLDecoder" */ = {
			isa = XCConfigurationList;
			buildConfigurations = (
				7FC9E91D252DFCA028A40EE0 /* Debug */,
				ABE27A23955C02CCBAEB6364 /* Release */,
			);
			defaultConfigurationIsVisible = 0;
			defaultConfigurationName = "";
		};
/* End XCConfigurationList section */

/* Begin XCRemoteSwiftPackageReference section */
		4E97FD23573572B0701A8E02 /* XCRemoteSwiftPackageReference "TOMLDeserializer" */ = {
			isa = XCRemoteSwiftPackageReference;
			repositoryURL = "https://github.com/dduan/TOMLDeserializer";
			requirement = {
				kind = upToNextMinorVersion;
				minimumVersion = 0.2.3;
			};
		};
		5AB5F115F8162019E2508632 /* XCRemoteSwiftPackageReference "NetTime" */ = {
			isa = XCRemoteSwiftPackageReference;
			repositoryURL = "https://github.com/dduan/NetTime";
			requirement = {
				kind = upToNextMinorVersion;
				minimumVersion = 0.2.2;
			};
		};
/* End XCRemoteSwiftPackageReference section */

/* Begin XCSwiftPackageProductDependency section */
		1F4F635D7C46AFC8D0EF437D /* NetTime */ = {
			isa = XCSwiftPackageProductDependency;
			package = 5AB5F115F8162019E2508632 /* XCRemoteSwiftPackageReference "NetTime" */;
			productName = NetTime;
		};
		5860C6D89B815D41E56C75E1 /* TOMLDeserializer */ = {
			isa = XCSwiftPackageProductDependency;
			package = 4E97FD23573572B0701A8E02 /* XCRemoteSwiftPackageReference "TOMLDeserializer" */;
			productName = TOMLDeserializer;
		};
/* End XCSwiftPackageProductDependency section */
	};
	rootObject = 6DF2FD24C7BFF5FAA81FCC21 /* Project object */;
}
